
Microsoft Visual Studio Solution File, Format Version 12.00
# Visual Studio 15
VisualStudioVersion = 15.0.28307.757
MinimumVisualStudioVersion = 10.0.40219.1
Project("{2150E333-8FDC-42A3-9474-1A3956D46DE8}") = "Matriz", "Matriz", "{BCAF7FD8-89E2-4AF1-AD14-2AB0926186CE}"
EndProject
Project("{2150E333-8FDC-42A3-9474-1A3956D46DE8}") = "Sucursales", "Sucursales", "{8212BA88-42A3-4A8E-BB36-CD6C222BAA78}"
EndProject
Project("{FAE04EC0-301F-11D3-BF4B-00C04F79EFBC}") = "PEPSI.SitioWeb", "PEPSI.SitioWeb\PEPSI.SitioWeb.csproj", "{E1C940F5-7EA8-48BE-9F2D-6F6B390CA974}"
EndProject
Project("{FAE04EC0-301F-11D3-BF4B-00C04F79EFBC}") = "PEPSI.Inventarios.Windows", "PEPSI.Inventarios.Windows\PEPSI.Inventarios.Windows.csproj", "{89E334A0-AD86-49A5-AA54-1321424D038D}"
EndProject
Project("{F184B08F-C81C-45F6-A57F-5ABD9991F28F}") = "PEPSI.PuntoVenta.Windows", "PEPSI.PuntoVenta.Windows\PEPSI.PuntoVenta.Windows.vbproj", "{29AFDC08-D3B4-4E98-97FE-B6C79B84F71A}"
EndProject
Global
	GlobalSection(SolutionConfigurationPlatforms) = preSolution
		Debug|Any CPU = Debug|Any CPU
		Release|Any CPU = Release|Any CPU
	EndGlobalSection
	GlobalSection(ProjectConfigurationPlatforms) = postSolution
		{E1C940F5-7EA8-48BE-9F2D-6F6B390CA974}.Debug|Any CPU.ActiveCfg = Debug|Any CPU
		{E1C940F5-7EA8-48BE-9F2D-6F6B390CA974}.Debug|Any CPU.Build.0 = Debug|Any CPU
		{E1C940F5-7EA8-48BE-9F2D-6F6B390CA974}.Release|Any CPU.ActiveCfg = Release|Any CPU
		{E1C940F5-7EA8-48BE-9F2D-6F6B390CA974}.Release|Any CPU.Build.0 = Release|Any CPU
		{89E334A0-AD86-49A5-AA54-1321424D038D}.Debug|Any CPU.ActiveCfg = Debug|Any CPU
		{89E334A0-AD86-49A5-AA54-1321424D038D}.Debug|Any CPU.Build.0 = Debug|Any CPU
		{89E334A0-AD86-49A5-AA54-1321424D038D}.Release|Any CPU.ActiveCfg = Release|Any CPU
		{89E334A0-AD86-49A5-AA54-1321424D038D}.Release|Any CPU.Build.0 = Release|Any CPU
		{29AFDC08-D3B4-4E98-97FE-B6C79B84F71A}.Debug|Any CPU.ActiveCfg = Debug|Any CPU
		{29AFDC08-D3B4-4E98-97FE-B6C79B84F71A}.Debug|Any CPU.Build.0 = Debug|Any CPU
		{29AFDC08-D3B4-4E98-97FE-B6C79B84F71A}.Release|Any CPU.ActiveCfg = Release|Any CPU
		{29AFDC08-D3B4-4E98-97FE-B6C79B84F71A}.Release|Any CPU.Build.0 = Release|Any CPU
	EndGlobalSection
	GlobalSection(SolutionProperties) = preSolution
		HideSolutionNode = FALSE
	EndGlobalSection
	GlobalSection(NestedProjects) = preSolution
		{E1C940F5-7EA8-48BE-9F2D-6F6B390CA974} = {BCAF7FD8-89E2-4AF1-AD14-2AB0926186CE}
		{89E334A0-AD86-49A5-AA54-1321424D038D} = {8212BA88-42A3-4A8E-BB36-CD6C222BAA78}
		{29AFDC08-D3B4-4E98-97FE-B6C79B84F71A} = {8212BA88-42A3-4A8E-BB36-CD6C222BAA78}
	EndGlobalSection
	GlobalSection(ExtensibilityGlobals) = postSolution
		SolutionGuid = {E77D9EE6-95E5-41ED-9C9F-F470486C2074}
	EndGlobalSection
EndGlobal
